
Microsoft Visual Studio Solution File, Format Version 12.00
# Visual Studio 15
VisualStudioVersion = 15.0.26228.9
MinimumVisualStudioVersion = 10.0.40219.1
Project("{FAE04EC0-301F-11D3-BF4B-00C04F79EFBC}") = "Mentorship.Web.CustomButton", "Mentorship.Web.CustomButton\Mentorship.Web.CustomButton.csproj", "{F930C102-2560-42E9-A167-7C8F01F9F37E}"
EndProject
Project("{FAE04EC0-301F-11D3-BF4B-00C04F79EFBC}") = "Mentorship.Web.CustomButton.Tests", "Mentorship.Web.CustomButton.Tests\Mentorship.Web.CustomButton.Tests.csproj", "{2A4D3116-521B-4062-9C5D-EB13C8451826}"
EndProject
Project("{FAE04EC0-301F-11D3-BF4B-00C04F79EFBC}") = "Mentorship.Control.CusomButton", "Mentorship.Control.CusomButton\Mentorship.Control.CusomButton.csproj", "{E5F7E6C6-0E59-4A18-A291-219B27169E16}"
EndProject
Project("{FAE04EC0-301F-11D3-BF4B-00C04F79EFBC}") = "Mentorship.Web.Forms.CustomButton", "Mentorship.Web.Forms.CustomButton\Mentorship.Web.Forms.CustomButton.csproj", "{78BE50F1-CB65-41D1-9540-F0BD37649F39}"
EndProject
Project("{FAE04EC0-301F-11D3-BF4B-00C04F79EFBC}") = "Mentorship.Web.Forms.CustomButton.Tests", "Mentorship.Web.Forms.CustomButton.Tests\Mentorship.Web.Forms.CustomButton.Tests.csproj", "{5BC47B0C-0A0A-4378-800E-90473337D9AC}"
EndProject
Project("{FAE04EC0-301F-11D3-BF4B-00C04F79EFBC}") = "Mentorship.ServerControl.CustomButton", "Mentorship.ServerControl.CusomButton\Mentorship.ServerControl.CustomButton.csproj", "{AEA158E5-465A-42DA-8226-DC09028B8ECE}"
EndProject
Global
	GlobalSection(SolutionConfigurationPlatforms) = preSolution
		Debug|Any CPU = Debug|Any CPU
		Release|Any CPU = Release|Any CPU
	EndGlobalSection
	GlobalSection(ProjectConfigurationPlatforms) = postSolution
		{F930C102-2560-42E9-A167-7C8F01F9F37E}.Debug|Any CPU.ActiveCfg = Debug|Any CPU
		{F930C102-2560-42E9-A167-7C8F01F9F37E}.Debug|Any CPU.Build.0 = Debug|Any CPU
		{F930C102-2560-42E9-A167-7C8F01F9F37E}.Release|Any CPU.ActiveCfg = Release|Any CPU
		{F930C102-2560-42E9-A167-7C8F01F9F37E}.Release|Any CPU.Build.0 = Release|Any CPU
		{2A4D3116-521B-4062-9C5D-EB13C8451826}.Debug|Any CPU.ActiveCfg = Debug|Any CPU
		{2A4D3116-521B-4062-9C5D-EB13C8451826}.Debug|Any CPU.Build.0 = Debug|Any CPU
		{2A4D3116-521B-4062-9C5D-EB13C8451826}.Release|Any CPU.ActiveCfg = Release|Any CPU
		{2A4D3116-521B-4062-9C5D-EB13C8451826}.Release|Any CPU.Build.0 = Release|Any CPU
		{E5F7E6C6-0E59-4A18-A291-219B27169E16}.Debug|Any CPU.ActiveCfg = Debug|Any CPU
		{E5F7E6C6-0E59-4A18-A291-219B27169E16}.Debug|Any CPU.Build.0 = Debug|Any CPU
		{E5F7E6C6-0E59-4A18-A291-219B27169E16}.Release|Any CPU.ActiveCfg = Release|Any CPU
		{E5F7E6C6-0E59-4A18-A291-219B27169E16}.Release|Any CPU.Build.0 = Release|Any CPU
		{78BE50F1-CB65-41D1-9540-F0BD37649F39}.Debug|Any CPU.ActiveCfg = Debug|Any CPU
		{78BE50F1-CB65-41D1-9540-F0BD37649F39}.Debug|Any CPU.Build.0 = Debug|Any CPU
		{78BE50F1-CB65-41D1-9540-F0BD37649F39}.Release|Any CPU.ActiveCfg = Release|Any CPU
		{78BE50F1-CB65-41D1-9540-F0BD37649F39}.Release|Any CPU.Build.0 = Release|Any CPU
		{5BC47B0C-0A0A-4378-800E-90473337D9AC}.Debug|Any CPU.ActiveCfg = Debug|Any CPU
		{5BC47B0C-0A0A-4378-800E-90473337D9AC}.Debug|Any CPU.Build.0 = Debug|Any CPU
		{5BC47B0C-0A0A-4378-800E-90473337D9AC}.Release|Any CPU.ActiveCfg = Release|Any CPU
		{5BC47B0C-0A0A-4378-800E-90473337D9AC}.Release|Any CPU.Build.0 = Release|Any CPU
		{AEA158E5-465A-42DA-8226-DC09028B8ECE}.Debug|Any CPU.ActiveCfg = Debug|Any CPU
		{AEA158E5-465A-42DA-8226-DC09028B8ECE}.Debug|Any CPU.Build.0 = Debug|Any CPU
		{AEA158E5-465A-42DA-8226-DC09028B8ECE}.Release|Any CPU.ActiveCfg = Release|Any CPU
		{AEA158E5-465A-42DA-8226-DC09028B8ECE}.Release|Any CPU.Build.0 = Release|Any CPU
	EndGlobalSection
	GlobalSection(SolutionProperties) = preSolution
		HideSolutionNode = FALSE
	EndGlobalSection
EndGlobal
